// !$*UTF8*$!
{
	archiveVersion = 1;
	classes = {
	};
	objectVersion = 50;
	objects = {

/* Begin PBXBuildFile section */
		ABB7C1E625A74D620026BD5D /* AppDelegate.swift in Sources */ = {isa = PBXBuildFile; fileRef = ABB7C1E525A74D620026BD5D /* AppDelegate.swift */; };
		ABB7C1E825A74D620026BD5D /* SceneDelegate.swift in Sources */ = {isa = PBXBuildFile; fileRef = ABB7C1E725A74D620026BD5D /* SceneDelegate.swift */; };
		ABB7C1EA25A74D620026BD5D /* ViewController.swift in Sources */ = {isa = PBXBuildFile; fileRef = ABB7C1E925A74D620026BD5D /* ViewController.swift */; };
		ABB7C1ED25A74D620026BD5D /* Main.storyboard in Resources */ = {isa = PBXBuildFile; fileRef = ABB7C1EB25A74D620026BD5D /* Main.storyboard */; };
		ABB7C1F025A74D620026BD5D /* AppMovies.xcdatamodeld in Sources */ = {isa = PBXBuildFile; fileRef = ABB7C1EE25A74D620026BD5D /* AppMovies.xcdatamodeld */; };
		ABB7C1F225A74D650026BD5D /* Assets.xcassets in Resources */ = {isa = PBXBuildFile; fileRef = ABB7C1F125A74D650026BD5D /* Assets.xcassets */; };
		ABB7C1F525A74D650026BD5D /* LaunchScreen.storyboard in Resources */ = {isa = PBXBuildFile; fileRef = ABB7C1F325A74D650026BD5D /* LaunchScreen.storyboard */; };
		ABB7C20025A74D650026BD5D /* AppMoviesTests.swift in Sources */ = {isa = PBXBuildFile; fileRef = ABB7C1FF25A74D650026BD5D /* AppMoviesTests.swift */; };
		ABB7C20B25A74D650026BD5D /* AppMoviesUITests.swift in Sources */ = {isa = PBXBuildFile; fileRef = ABB7C20A25A74D650026BD5D /* AppMoviesUITests.swift */; };
/* End PBXBuildFile section */

/* Begin PBXContainerItemProxy section */
		ABB7C1FC25A74D650026BD5D /* PBXContainerItemProxy */ = {
			isa = PBXContainerItemProxy;
			containerPortal = ABB7C1DA25A74D620026BD5D /* Project object */;
			proxyType = 1;
			remoteGlobalIDString = ABB7C1E125A74D620026BD5D;
			remoteInfo = AppMovies;
		};
		ABB7C20725A74D650026BD5D /* PBXContainerItemProxy */ = {
			isa = PBXContainerItemProxy;
			containerPortal = ABB7C1DA25A74D620026BD5D /* Project object */;
			proxyType = 1;
			remoteGlobalIDString = ABB7C1E125A74D620026BD5D;
			remoteInfo = AppMovies;
		};
/* End PBXContainerItemProxy section */

/* Begin PBXFileReference section */
		ABB7C1E225A74D620026BD5D /* AppMovies.app */ = {isa = PBXFileReference; explicitFileType = wrapper.application; includeInIndex = 0; path = AppMovies.app; sourceTree = BUILT_PRODUCTS_DIR; };
		ABB7C1E525A74D620026BD5D /* AppDelegate.swift */ = {isa = PBXFileReference; lastKnownFileType = sourcecode.swift; path = AppDelegate.swift; sourceTree = "<group>"; };
		ABB7C1E725A74D620026BD5D /* SceneDelegate.swift */ = {isa = PBXFileReference; lastKnownFileType = sourcecode.swift; path = SceneDelegate.swift; sourceTree = "<group>"; };
		ABB7C1E925A74D620026BD5D /* ViewController.swift */ = {isa = PBXFileReference; lastKnownFileType = sourcecode.swift; path = ViewController.swift; sourceTree = "<group>"; };
		ABB7C1EC25A74D620026BD5D /* Base */ = {isa = PBXFileReference; lastKnownFileType = file.storyboard; name = Base; path = Base.lproj/Main.storyboard; sourceTree = "<group>"; };
		ABB7C1EF25A74D620026BD5D /* AppMovies.xcdatamodel */ = {isa = PBXFileReference; lastKnownFileType = wrapper.xcdatamodel; path = AppMovies.xcdatamodel; sourceTree = "<group>"; };
		ABB7C1F125A74D650026BD5D /* Assets.xcassets */ = {isa = PBXFileReference; lastKnownFileType = folder.assetcatalog; path = Assets.xcassets; sourceTree = "<group>"; };
		ABB7C1F425A74D650026BD5D /* Base */ = {isa = PBXFileReference; lastKnownFileType = file.storyboard; name = Base; path = Base.lproj/LaunchScreen.storyboard; sourceTree = "<group>"; };
		ABB7C1F625A74D650026BD5D /* Info.plist */ = {isa = PBXFileReference; lastKnownFileType = text.plist.xml; path = Info.plist; sourceTree = "<group>"; };
		ABB7C1FB25A74D650026BD5D /* AppMoviesTests.xctest */ = {isa = PBXFileReference; explicitFileType = wrapper.cfbundle; includeInIndex = 0; path = AppMoviesTests.xctest; sourceTree = BUILT_PRODUCTS_DIR; };
		ABB7C1FF25A74D650026BD5D /* AppMoviesTests.swift */ = {isa = PBXFileReference; lastKnownFileType = sourcecode.swift; path = AppMoviesTests.swift; sourceTree = "<group>"; };
		ABB7C20125A74D650026BD5D /* Info.plist */ = {isa = PBXFileReference; lastKnownFileType = text.plist.xml; path = Info.plist; sourceTree = "<group>"; };
		ABB7C20625A74D650026BD5D /* AppMoviesUITests.xctest */ = {isa = PBXFileReference; explicitFileType = wrapper.cfbundle; includeInIndex = 0; path = AppMoviesUITests.xctest; sourceTree = BUILT_PRODUCTS_DIR; };
		ABB7C20A25A74D650026BD5D /* AppMoviesUITests.swift */ = {isa = PBXFileReference; lastKnownFileType = sourcecode.swift; path = AppMoviesUITests.swift; sourceTree = "<group>"; };
		ABB7C20C25A74D650026BD5D /* Info.plist */ = {isa = PBXFileReference; lastKnownFileType = text.plist.xml; path = Info.plist; sourceTree = "<group>"; };
/* End PBXFileReference section */

/* Begin PBXFrameworksBuildPhase section */
		ABB7C1DF25A74D620026BD5D /* Frameworks */ = {
			isa = PBXFrameworksBuildPhase;
			buildActionMask = 2147483647;
			files = (
			);
			runOnlyForDeploymentPostprocessing = 0;
		};
		ABB7C1F825A74D650026BD5D /* Frameworks */ = {
			isa = PBXFrameworksBuildPhase;
			buildActionMask = 2147483647;
			files = (
			);
			runOnlyForDeploymentPostprocessing = 0;
		};
		ABB7C20325A74D650026BD5D /* Frameworks */ = {
			isa = PBXFrameworksBuildPhase;
			buildActionMask = 2147483647;
			files = (
			);
			runOnlyForDeploymentPostprocessing = 0;
		};
/* End PBXFrameworksBuildPhase section */

/* Begin PBXGroup section */
		ABB7C1D925A74D620026BD5D = {
			isa = PBXGroup;
			children = (
				ABB7C1E425A74D620026BD5D /* AppMovies */,
				ABB7C1FE25A74D650026BD5D /* AppMoviesTests */,
				ABB7C20925A74D650026BD5D /* AppMoviesUITests */,
				ABB7C1E325A74D620026BD5D /* Products */,
			);
			sourceTree = "<group>";
		};
		ABB7C1E325A74D620026BD5D /* Products */ = {
			isa = PBXGroup;
			children = (
				ABB7C1E225A74D620026BD5D /* AppMovies.app */,
				ABB7C1FB25A74D650026BD5D /* AppMoviesTests.xctest */,
				ABB7C20625A74D650026BD5D /* AppMoviesUITests.xctest */,
			);
			name = Products;
			sourceTree = "<group>";
		};
		ABB7C1E425A74D620026BD5D /* AppMovies */ = {
			isa = PBXGroup;
			children = (
				ABB7C1E525A74D620026BD5D /* AppDelegate.swift */,
				ABB7C1E725A74D620026BD5D /* SceneDelegate.swift */,
				ABB7C1E925A74D620026BD5D /* ViewController.swift */,
				ABB7C1EB25A74D620026BD5D /* Main.storyboard */,
				ABB7C1F125A74D650026BD5D /* Assets.xcassets */,
				ABB7C1F325A74D650026BD5D /* LaunchScreen.storyboard */,
				ABB7C1F625A74D650026BD5D /* Info.plist */,
				ABB7C1EE25A74D620026BD5D /* AppMovies.xcdatamodeld */,
			);
			path = AppMovies;
			sourceTree = "<group>";
		};
		ABB7C1FE25A74D650026BD5D /* AppMoviesTests */ = {
			isa = PBXGroup;
			children = (
				ABB7C1FF25A74D650026BD5D /* AppMoviesTests.swift */,
				ABB7C20125A74D650026BD5D /* Info.plist */,
			);
			path = AppMoviesTests;
			sourceTree = "<group>";
		};
		ABB7C20925A74D650026BD5D /* AppMoviesUITests */ = {
			isa = PBXGroup;
			children = (
				ABB7C20A25A74D650026BD5D /* AppMoviesUITests.swift */,
				ABB7C20C25A74D650026BD5D /* Info.plist */,
			);
			path = AppMoviesUITests;
			sourceTree = "<group>";
		};
/* End PBXGroup section */

/* Begin PBXNativeTarget section */
		ABB7C1E125A74D620026BD5D /* AppMovies */ = {
			isa = PBXNativeTarget;
			buildConfigurationList = ABB7C20F25A74D650026BD5D /* Build configuration list for PBXNativeTarget "AppMovies" */;
			buildPhases = (
				ABB7C1DE25A74D620026BD5D /* Sources */,
				ABB7C1DF25A74D620026BD5D /* Frameworks */,
				ABB7C1E025A74D620026BD5D /* Resources */,
			);
			buildRules = (
			);
			dependencies = (
			);
			name = AppMovies;
			productName = AppMovies;
			productReference = ABB7C1E225A74D620026BD5D /* AppMovies.app */;
			productType = "com.apple.product-type.application";
		};
		ABB7C1FA25A74D650026BD5D /* AppMoviesTests */ = {
			isa = PBXNativeTarget;
			buildConfigurationList = ABB7C21225A74D660026BD5D /* Build configuration list for PBXNativeTarget "AppMoviesTests" */;
			buildPhases = (
				ABB7C1F725A74D650026BD5D /* Sources */,
				ABB7C1F825A74D650026BD5D /* Frameworks */,
				ABB7C1F925A74D650026BD5D /* Resources */,
			);
			buildRules = (
			);
			dependencies = (
				ABB7C1FD25A74D650026BD5D /* PBXTargetDependency */,
			);
			name = AppMoviesTests;
			productName = AppMoviesTests;
			productReference = ABB7C1FB25A74D650026BD5D /* AppMoviesTests.xctest */;
			productType = "com.apple.product-type.bundle.unit-test";
		};
		ABB7C20525A74D650026BD5D /* AppMoviesUITests */ = {
			isa = PBXNativeTarget;
			buildConfigurationList = ABB7C21525A74D660026BD5D /* Build configuration list for PBXNativeTarget "AppMoviesUITests" */;
			buildPhases = (
				ABB7C20225A74D650026BD5D /* Sources */,
				ABB7C20325A74D650026BD5D /* Frameworks */,
				ABB7C20425A74D650026BD5D /* Resources */,
			);
			buildRules = (
			);
			dependencies = (
				ABB7C20825A74D650026BD5D /* PBXTargetDependency */,
			);
			name = AppMoviesUITests;
			productName = AppMoviesUITests;
			productReference = ABB7C20625A74D650026BD5D /* AppMoviesUITests.xctest */;
			productType = "com.apple.product-type.bundle.ui-testing";
		};
/* End PBXNativeTarget section */

/* Begin PBXProject section */
		ABB7C1DA25A74D620026BD5D /* Project object */ = {
			isa = PBXProject;
			attributes = {
				LastSwiftUpdateCheck = 1230;
				LastUpgradeCheck = 1230;
				TargetAttributes = {
					ABB7C1E125A74D620026BD5D = {
						CreatedOnToolsVersion = 12.3;
					};
					ABB7C1FA25A74D650026BD5D = {
						CreatedOnToolsVersion = 12.3;
						TestTargetID = ABB7C1E125A74D620026BD5D;
					};
					ABB7C20525A74D650026BD5D = {
						CreatedOnToolsVersion = 12.3;
						TestTargetID = ABB7C1E125A74D620026BD5D;
					};
				};
			};
			buildConfigurationList = ABB7C1DD25A74D620026BD5D /* Build configuration list for PBXProject "AppMovies" */;
			compatibilityVersion = "Xcode 9.3";
			developmentRegion = en;
			hasScannedForEncodings = 0;
			knownRegions = (
				en,
				Base,
			);
			mainGroup = ABB7C1D925A74D620026BD5D;
			productRefGroup = ABB7C1E325A74D620026BD5D /* Products */;
			projectDirPath = "";
			projectRoot = "";
			targets = (
				ABB7C1E125A74D620026BD5D /* AppMovies */,
				ABB7C1FA25A74D650026BD5D /* AppMoviesTests */,
				ABB7C20525A74D650026BD5D /* AppMoviesUITests */,
			);
		};
/* End PBXProject section */

/* Begin PBXResourcesBuildPhase section */
		ABB7C1E025A74D620026BD5D /* Resources */ = {
			isa = PBXResourcesBuildPhase;
			buildActionMask = 2147483647;
			files = (
				ABB7C1F525A74D650026BD5D /* LaunchScreen.storyboard in Resources */,
				ABB7C1F225A74D650026BD5D /* Assets.xcassets in Resources */,
				ABB7C1ED25A74D620026BD5D /* Main.storyboard in Resources */,
			);
			runOnlyForDeploymentPostprocessing = 0;
		};
		ABB7C1F925A74D650026BD5D /* Resources */ = {
			isa = PBXResourcesBuildPhase;
			buildActionMask = 2147483647;
			files = (
			);
			runOnlyForDeploymentPostprocessing = 0;
		};
		ABB7C20425A74D650026BD5D /* Resources */ = {
			isa = PBXResourcesBuildPhase;
			buildActionMask = 2147483647;
			files = (
			);
			runOnlyForDeploymentPostprocessing = 0;
		};
/* End PBXResourcesBuildPhase section */

/* Begin PBXSourcesBuildPhase section */
		ABB7C1DE25A74D620026BD5D /* Sources */ = {
			isa = PBXSourcesBuildPhase;
			buildActionMask = 2147483647;
			files = (
				ABB7C1EA25A74D620026BD5D /* ViewController.swift in Sources */,
				ABB7C1E625A74D620026BD5D /* AppDelegate.swift in Sources */,
				ABB7C1F025A74D620026BD5D /* AppMovies.xcdatamodeld in Sources */,
				ABB7C1E825A74D620026BD5D /* SceneDelegate.swift in Sources */,
			);
			runOnlyForDeploymentPostprocessing = 0;
		};
		ABB7C1F725A74D650026BD5D /* Sources */ = {
			isa = PBXSourcesBuildPhase;
			buildActionMask = 2147483647;
			files = (
				ABB7C20025A74D650026BD5D /* AppMoviesTests.swift in Sources */,
			);
			runOnlyForDeploymentPostprocessing = 0;
		};
		ABB7C20225A74D650026BD5D /* Sources */ = {
			isa = PBXSourcesBuildPhase;
			buildActionMask = 2147483647;
			files = (
				ABB7C20B25A74D650026BD5D /* AppMoviesUITests.swift in Sources */,
			);
			runOnlyForDeploymentPostprocessing = 0;
		};
/* End PBXSourcesBuildPhase section */

/* Begin PBXTargetDependency section */
		ABB7C1FD25A74D650026BD5D /* PBXTargetDependency */ = {
			isa = PBXTargetDependency;
			target = ABB7C1E125A74D620026BD5D /* AppMovies */;
			targetProxy = ABB7C1FC25A74D650026BD5D /* PBXContainerItemProxy */;
		};
		ABB7C20825A74D650026BD5D /* PBXTargetDependency */ = {
			isa = PBXTargetDependency;
			target = ABB7C1E125A74D620026BD5D /* AppMovies */;
			targetProxy = ABB7C20725A74D650026BD5D /* PBXContainerItemProxy */;
		};
/* End PBXTargetDependency section */

/* Begin PBXVariantGroup section */
		ABB7C1EB25A74D620026BD5D /* Main.storyboard */ = {
			isa = PBXVariantGroup;
			children = (
				ABB7C1EC25A74D620026BD5D /* Base */,
			);
			name = Main.storyboard;
			sourceTree = "<group>";
		};
		ABB7C1F325A74D650026BD5D /* LaunchScreen.storyboard */ = {
			isa = PBXVariantGroup;
			children = (
				ABB7C1F425A74D650026BD5D /* Base */,
			);
			name = LaunchScreen.storyboard;
			sourceTree = "<group>";
		};
/* End PBXVariantGroup section */

/* Begin XCBuildConfiguration section */
		ABB7C20D25A74D650026BD5D /* Debug */ = {
			isa = XCBuildConfiguration;
			buildSettings = {
				ALWAYS_SEARCH_USER_PATHS = NO;
				CLANG_ANALYZER_NONNULL = YES;
				CLANG_ANALYZER_NUMBER_OBJECT_CONVERSION = YES_AGGRESSIVE;
				CLANG_CXX_LANGUAGE_STANDARD = "gnu++14";
				CLANG_CXX_LIBRARY = "libc++";
				CLANG_ENABLE_MODULES = YES;
				CLANG_ENABLE_OBJC_ARC = YES;
				CLANG_ENABLE_OBJC_WEAK = YES;
				CLANG_WARN_BLOCK_CAPTURE_AUTORELEASING = YES;
				CLANG_WARN_BOOL_CONVERSION = YES;
				CLANG_WARN_COMMA = YES;
				CLANG_WARN_CONSTANT_CONVERSION = YES;
				CLANG_WARN_DEPRECATED_OBJC_IMPLEMENTATIONS = YES;
				CLANG_WARN_DIRECT_OBJC_ISA_USAGE = YES_ERROR;
				CLANG_WARN_DOCUMENTATION_COMMENTS = YES;
				CLANG_WARN_EMPTY_BODY = YES;
				CLANG_WARN_ENUM_CONVERSION = YES;
				CLANG_WARN_INFINITE_RECURSION = YES;
				CLANG_WARN_INT_CONVERSION = YES;
				CLANG_WARN_NON_LITERAL_NULL_CONVERSION = YES;
				CLANG_WARN_OBJC_IMPLICIT_RETAIN_SELF = YES;
				CLANG_WARN_OBJC_LITERAL_CONVERSION = YES;
				CLANG_WARN_OBJC_ROOT_CLASS = YES_ERROR;
				CLANG_WARN_QUOTED_INCLUDE_IN_FRAMEWORK_HEADER = YES;
				CLANG_WARN_RANGE_LOOP_ANALYSIS = YES;
				CLANG_WARN_STRICT_PROTOTYPES = YES;
				CLANG_WARN_SUSPICIOUS_MOVE = YES;
				CLANG_WARN_UNGUARDED_AVAILABILITY = YES_AGGRESSIVE;
				CLANG_WARN_UNREACHABLE_CODE = YES;
				CLANG_WARN__DUPLICATE_METHOD_MATCH = YES;
				COPY_PHASE_STRIP = NO;
				DEBUG_INFORMATION_FORMAT = dwarf;
				ENABLE_STRICT_OBJC_MSGSEND = YES;
				ENABLE_TESTABILITY = YES;
				GCC_C_LANGUAGE_STANDARD = gnu11;
				GCC_DYNAMIC_NO_PIC = NO;
				GCC_NO_COMMON_BLOCKS = YES;
				GCC_OPTIMIZATION_LEVEL = 0;
				GCC_PREPROCESSOR_DEFINITIONS = (
					"DEBUG=1",
					"$(inherited)",
				);
				GCC_WARN_64_TO_32_BIT_CONVERSION = YES;
				GCC_WARN_ABOUT_RETURN_TYPE = YES_ERROR;
				GCC_WARN_UNDECLARED_SELECTOR = YES;
				GCC_WARN_UNINITIALIZED_AUTOS = YES_AGGRESSIVE;
				GCC_WARN_UNUSED_FUNCTION = YES;
				GCC_WARN_UNUSED_VARIABLE = YES;
				IPHONEOS_DEPLOYMENT_TARGET = 14.3;
				MTL_ENABLE_DEBUG_INFO = INCLUDE_SOURCE;
				MTL_FAST_MATH = YES;
				ONLY_ACTIVE_ARCH = YES;
				SDKROOT = iphoneos;
				SWIFT_ACTIVE_COMPILATION_CONDITIONS = DEBUG;
				SWIFT_OPTIMIZATION_LEVEL = "-Onone";
			};
			name = Debug;
		};
		ABB7C20E25A74D650026BD5D /* Release */ = {
			isa = XCBuildConfiguration;
			buildSettings = {
				ALWAYS_SEARCH_USER_PATHS = NO;
				CLANG_ANALYZER_NONNULL = YES;
				CLANG_ANALYZER_NUMBER_OBJECT_CONVERSION = YES_AGGRESSIVE;
				CLANG_CXX_LANGUAGE_STANDARD = "gnu++14";
				CLANG_CXX_LIBRARY = "libc++";
				CLANG_ENABLE_MODULES = YES;
				CLANG_ENABLE_OBJC_ARC = YES;
				CLANG_ENABLE_OBJC_WEAK = YES;
				CLANG_WARN_BLOCK_CAPTURE_AUTORELEASING = YES;
				CLANG_WARN_BOOL_CONVERSION = YES;
				CLANG_WARN_COMMA = YES;
				CLANG_WARN_CONSTANT_CONVERSION = YES;
				CLANG_WARN_DEPRECATED_OBJC_IMPLEMENTATIONS = YES;
				CLANG_WARN_DIRECT_OBJC_ISA_USAGE = YES_ERROR;
				CLANG_WARN_DOCUMENTATION_COMMENTS = YES;
				CLANG_WARN_EMPTY_BODY = YES;
				CLANG_WARN_ENUM_CONVERSION = YES;
				CLANG_WARN_INFINITE_RECURSION = YES;
				CLANG_WARN_INT_CONVERSION = YES;
				CLANG_WARN_NON_LITERAL_NULL_CONVERSION = YES;
				CLANG_WARN_OBJC_IMPLICIT_RETAIN_SELF = YES;
				CLANG_WARN_OBJC_LITERAL_CONVERSION = YES;
				CLANG_WARN_OBJC_ROOT_CLASS = YES_ERROR;
				CLANG_WARN_QUOTED_INCLUDE_IN_FRAMEWORK_HEADER = YES;
				CLANG_WARN_RANGE_LOOP_ANALYSIS = YES;
				CLANG_WARN_STRICT_PROTOTYPES = YES;
				CLANG_WARN_SUSPICIOUS_MOVE = YES;
				CLANG_WARN_UNGUARDED_AVAILABILITY = YES_AGGRESSIVE;
				CLANG_WARN_UNREACHABLE_CODE = YES;
				CLANG_WARN__DUPLICATE_METHOD_MATCH = YES;
				COPY_PHASE_STRIP = NO;
				DEBUG_INFORMATION_FORMAT = "dwarf-with-dsym";
				ENABLE_NS_ASSERTIONS = NO;
				ENABLE_STRICT_OBJC_MSGSEND = YES;
				GCC_C_LANGUAGE_STANDARD = gnu11;
				GCC_NO_COMMON_BLOCKS = YES;
				GCC_WARN_64_TO_32_BIT_CONVERSION = YES;
				GCC_WARN_ABOUT_RETURN_TYPE = YES_ERROR;
				GCC_WARN_UNDECLARED_SELECTOR = YES;
				GCC_WARN_UNINITIALIZED_AUTOS = YES_AGGRESSIVE;
				GCC_WARN_UNUSED_FUNCTION = YES;
				GCC_WARN_UNUSED_VARIABLE = YES;
				IPHONEOS_DEPLOYMENT_TARGET = 14.3;
				MTL_ENABLE_DEBUG_INFO = NO;
				MTL_FAST_MATH = YES;
				SDKROOT = iphoneos;
				SWIFT_COMPILATION_MODE = wholemodule;
				SWIFT_OPTIMIZATION_LEVEL = "-O";
				VALIDATE_PRODUCT = YES;
			};
			name = Release;
		};
		ABB7C21025A74D650026BD5D /* Debug */ = {
			isa = XCBuildConfiguration;
			buildSettings = {
				ASSETCATALOG_COMPILER_APPICON_NAME = AppIcon;
				ASSETCATALOG_COMPILER_GLOBAL_ACCENT_COLOR_NAME = AccentColor;
				CODE_SIGN_STYLE = Automatic;
				DEVELOPMENT_TEAM = XL2VXC6VPX;
				INFOPLIST_FILE = AppMovies/Info.plist;
				LD_RUNPATH_SEARCH_PATHS = (
					"$(inherited)",
					"@executable_path/Frameworks",
				);
				PRODUCT_BUNDLE_IDENTIFIER = everis.AppMovies;
				PRODUCT_NAME = "$(TARGET_NAME)";
				SWIFT_VERSION = 5.0;
				TARGETED_DEVICE_FAMILY = "1,2";
			};
			name = Debug;
		};
		ABB7C21125A74D650026BD5D /* Release */ = {
			isa = XCBuildConfiguration;
			buildSettings = {
				ASSETCATALOG_COMPILER_APPICON_NAME = AppIcon;
				ASSETCATALOG_COMPILER_GLOBAL_ACCENT_COLOR_NAME = AccentColor;
				CODE_SIGN_STYLE = Automatic;
				DEVELOPMENT_TEAM = XL2VXC6VPX;
				INFOPLIST_FILE = AppMovies/Info.plist;
				LD_RUNPATH_SEARCH_PATHS = (
					"$(inherited)",
					"@executable_path/Frameworks",
				);
				PRODUCT_BUNDLE_IDENTIFIER = everis.AppMovies;
				PRODUCT_NAME = "$(TARGET_NAME)";
				SWIFT_VERSION = 5.0;
				TARGETED_DEVICE_FAMILY = "1,2";
			};
			name = Release;
		};
		ABB7C21325A74D660026BD5D /* Debug */ = {
			isa = XCBuildConfiguration;
			buildSettings = {
				ALWAYS_EMBED_SWIFT_STANDARD_LIBRARIES = YES;
				BUNDLE_LOADER = "$(TEST_HOST)";
				CODE_SIGN_STYLE = Automatic;
				DEVELOPMENT_TEAM = XL2VXC6VPX;
				INFOPLIST_FILE = AppMoviesTests/Info.plist;
				IPHONEOS_DEPLOYMENT_TARGET = 14.3;
				LD_RUNPATH_SEARCH_PATHS = (
					"$(inherited)",
					"@executable_path/Frameworks",
					"@loader_path/Frameworks",
				);
				PRODUCT_BUNDLE_IDENTIFIER = everis.AppMoviesTests;
				PRODUCT_NAME = "$(TARGET_NAME)";
				SWIFT_VERSION = 5.0;
				TARGETED_DEVICE_FAMILY = "1,2";
				TEST_HOST = "$(BUILT_PRODUCTS_DIR)/AppMovies.app/AppMovies";
			};
			name = Debug;
		};
		ABB7C21425A74D660026BD5D /* Release */ = {
			isa = XCBuildConfiguration;
			buildSettings = {
				ALWAYS_EMBED_SWIFT_STANDARD_LIBRARIES = YES;
				BUNDLE_LOADER = "$(TEST_HOST)";
				CODE_SIGN_STYLE = Automatic;
				DEVELOPMENT_TEAM = XL2VXC6VPX;
				INFOPLIST_FILE = AppMoviesTests/Info.plist;
				IPHONEOS_DEPLOYMENT_TARGET = 14.3;
				LD_RUNPATH_SEARCH_PATHS = (
					"$(inherited)",
					"@executable_path/Frameworks",
					"@loader_path/Frameworks",
				);
				PRODUCT_BUNDLE_IDENTIFIER = everis.AppMoviesTests;
				PRODUCT_NAME = "$(TARGET_NAME)";
				SWIFT_VERSION = 5.0;
				TARGETED_DEVICE_FAMILY = "1,2";
				TEST_HOST = "$(BUILT_PRODUCTS_DIR)/AppMovies.app/AppMovies";
			};
			name = Release;
		};
		ABB7C21625A74D660026BD5D /* Debug */ = {
			isa = XCBuildConfiguration;
			buildSettings = {
				ALWAYS_EMBED_SWIFT_STANDARD_LIBRARIES = YES;
				CODE_SIGN_STYLE = Automatic;
				DEVELOPMENT_TEAM = XL2VXC6VPX;
				INFOPLIST_FILE = AppMoviesUITests/Info.plist;
				LD_RUNPATH_SEARCH_PATHS = (
					"$(inherited)",
					"@executable_path/Frameworks",
					"@loader_path/Frameworks",
				);
				PRODUCT_BUNDLE_IDENTIFIER = everis.AppMoviesUITests;
				PRODUCT_NAME = "$(TARGET_NAME)";
				SWIFT_VERSION = 5.0;
				TARGETED_DEVICE_FAMILY = "1,2";
				TEST_TARGET_NAME = AppMovies;
			};
			name = Debug;
		};
		ABB7C21725A74D660026BD5D /* Release */ = {
			isa = XCBuildConfiguration;
			buildSettings = {
				ALWAYS_EMBED_SWIFT_STANDARD_LIBRARIES = YES;
				CODE_SIGN_STYLE = Automatic;
				DEVELOPMENT_TEAM = XL2VXC6VPX;
				INFOPLIST_FILE = AppMoviesUITests/Info.plist;
				LD_RUNPATH_SEARCH_PATHS = (
					"$(inherited)",
					"@executable_path/Frameworks",
					"@loader_path/Frameworks",
				);
				PRODUCT_BUNDLE_IDENTIFIER = everis.AppMoviesUITests;
				PRODUCT_NAME = "$(TARGET_NAME)";
				SWIFT_VERSION = 5.0;
				TARGETED_DEVICE_FAMILY = "1,2";
				TEST_TARGET_NAME = AppMovies;
			};
			name = Release;
		};
/* End XCBuildConfiguration section */

/* Begin XCConfigurationList section */
		ABB7C1DD25A74D620026BD5D /* Build configuration list for PBXProject "AppMovies" */ = {
			isa = XCConfigurationList;
			buildConfigurations = (
				ABB7C20D25A74D650026BD5D /* Debug */,
				ABB7C20E25A74D650026BD5D /* Release */,
			);
			defaultConfigurationIsVisible = 0;
			defaultConfigurationName = Release;
		};
		ABB7C20F25A74D650026BD5D /* Build configuration list for PBXNativeTarget "AppMovies" */ = {
			isa = XCConfigurationList;
			buildConfigurations = (
				ABB7C21025A74D650026BD5D /* Debug */,
				ABB7C21125A74D650026BD5D /* Release */,
			);
			defaultConfigurationIsVisible = 0;
			defaultConfigurationName = Release;
		};
		ABB7C21225A74D660026BD5D /* Build configuration list for PBXNativeTarget "AppMoviesTests" */ = {
			isa = XCConfigurationList;
			buildConfigurations = (
				ABB7C21325A74D660026BD5D /* Debug */,
				ABB7C21425A74D660026BD5D /* Release */,
			);
			defaultConfigurationIsVisible = 0;
			defaultConfigurationName = Release;
		};
		ABB7C21525A74D660026BD5D /* Build configuration list for PBXNativeTarget "AppMoviesUITests" */ = {
			isa = XCConfigurationList;
			buildConfigurations = (
				ABB7C21625A74D660026BD5D /* Debug */,
				ABB7C21725A74D660026BD5D /* Release */,
			);
			defaultConfigurationIsVisible = 0;
			defaultConfigurationName = Release;
		};
/* End XCConfigurationList section */

/* Begin XCVersionGroup section */
		ABB7C1EE25A74D620026BD5D /* AppMovies.xcdatamodeld */ = {
			isa = XCVersionGroup;
			children = (
				ABB7C1EF25A74D620026BD5D /* AppMovies.xcdatamodel */,
			);
			currentVersion = ABB7C1EF25A74D620026BD5D /* AppMovies.xcdatamodel */;
			path = AppMovies.xcdatamodeld;
			sourceTree = "<group>";
			versionGroupType = wrapper.xcdatamodel;
		};
/* End XCVersionGroup section */
	};
	rootObject = ABB7C1DA25A74D620026BD5D /* Project object */;
}
