// !$*UTF8*$!
{
	archiveVersion = 1;
	classes = {
	};
	objectVersion = 50;
	objects = {

/* Begin PBXBuildFile section */
		9E0881D47E2961DFAD0B1F51 /* Pods_App_Filmes.framework in Frameworks */ = {isa = PBXBuildFile; fileRef = 9C8BF864283F26FA544110A6 /* Pods_App_Filmes.framework */; };
		AB2D1DCC25AB658C00F735B1 /* APIRequisicao.swift in Sources */ = {isa = PBXBuildFile; fileRef = AB2D1DCB25AB658C00F735B1 /* APIRequisicao.swift */; };
		AB2D1DF525AC91C500F735B1 /* HomeCollectionViewCell.swift in Sources */ = {isa = PBXBuildFile; fileRef = AB2D1DF425AC91C500F735B1 /* HomeCollectionViewCell.swift */; };
		AB2D1DFD25AC9B1E00F735B1 /* DetalhesViewController.swift in Sources */ = {isa = PBXBuildFile; fileRef = AB2D1DFC25AC9B1E00F735B1 /* DetalhesViewController.swift */; };
		ABB7C28025A797570026BD5D /* AppDelegate.swift in Sources */ = {isa = PBXBuildFile; fileRef = ABB7C27F25A797570026BD5D /* AppDelegate.swift */; };
		ABB7C28225A797570026BD5D /* SceneDelegate.swift in Sources */ = {isa = PBXBuildFile; fileRef = ABB7C28125A797570026BD5D /* SceneDelegate.swift */; };
		ABB7C28425A797570026BD5D /* ViewController.swift in Sources */ = {isa = PBXBuildFile; fileRef = ABB7C28325A797570026BD5D /* ViewController.swift */; };
		ABB7C28725A797570026BD5D /* Main.storyboard in Resources */ = {isa = PBXBuildFile; fileRef = ABB7C28525A797570026BD5D /* Main.storyboard */; };
		ABB7C28A25A797570026BD5D /* App_Filmes.xcdatamodeld in Sources */ = {isa = PBXBuildFile; fileRef = ABB7C28825A797570026BD5D /* App_Filmes.xcdatamodeld */; };
		ABB7C28C25A7975C0026BD5D /* Assets.xcassets in Resources */ = {isa = PBXBuildFile; fileRef = ABB7C28B25A7975C0026BD5D /* Assets.xcassets */; };
		ABB7C28F25A7975C0026BD5D /* LaunchScreen.storyboard in Resources */ = {isa = PBXBuildFile; fileRef = ABB7C28D25A7975C0026BD5D /* LaunchScreen.storyboard */; };
		ABB7C29A25A7975C0026BD5D /* App_FilmesTests.swift in Sources */ = {isa = PBXBuildFile; fileRef = ABB7C29925A7975C0026BD5D /* App_FilmesTests.swift */; };
		ABB7C2A525A7975C0026BD5D /* App_FilmesUITests.swift in Sources */ = {isa = PBXBuildFile; fileRef = ABB7C2A425A7975C0026BD5D /* App_FilmesUITests.swift */; };
		ABECB2EF25A8D0CA000BF538 /* FilmesDetalhesAPI.swift in Sources */ = {isa = PBXBuildFile; fileRef = ABECB2EE25A8D0CA000BF538 /* FilmesDetalhesAPI.swift */; };
		ABECB2F425A8D28C000BF538 /* FilmeTrendingAPI.swift in Sources */ = {isa = PBXBuildFile; fileRef = ABECB2F325A8D28C000BF538 /* FilmeTrendingAPI.swift */; };
		BD3D9E51C6ECA8DDE76024EB /* Pods_App_FilmesUITests.framework in Frameworks */ = {isa = PBXBuildFile; fileRef = 41E6EE03996FE47356C71AB5 /* Pods_App_FilmesUITests.framework */; };
		EECA53D63A366C5AB3208FA1 /* Pods_App_FilmesTests.framework in Frameworks */ = {isa = PBXBuildFile; fileRef = 2C773BC57576B70E63586FA0 /* Pods_App_FilmesTests.framework */; };
/* End PBXBuildFile section */

/* Begin PBXContainerItemProxy section */
		ABB7C29625A7975C0026BD5D /* PBXContainerItemProxy */ = {
			isa = PBXContainerItemProxy;
			containerPortal = ABB7C27425A797570026BD5D /* Project object */;
			proxyType = 1;
			remoteGlobalIDString = ABB7C27B25A797570026BD5D;
			remoteInfo = "App Filmes";
		};
		ABB7C2A125A7975C0026BD5D /* PBXContainerItemProxy */ = {
			isa = PBXContainerItemProxy;
			containerPortal = ABB7C27425A797570026BD5D /* Project object */;
			proxyType = 1;
			remoteGlobalIDString = ABB7C27B25A797570026BD5D;
			remoteInfo = "App Filmes";
		};
/* End PBXContainerItemProxy section */

/* Begin PBXFileReference section */
		118D4AFA9322CFA5AC991BC2 /* Pods-App Filmes.debug.xcconfig */ = {isa = PBXFileReference; includeInIndex = 1; lastKnownFileType = text.xcconfig; name = "Pods-App Filmes.debug.xcconfig"; path = "Pods/Target Support Files/Pods-App Filmes/Pods-App Filmes.debug.xcconfig"; sourceTree = "<group>"; };
		2C773BC57576B70E63586FA0 /* Pods_App_FilmesTests.framework */ = {isa = PBXFileReference; explicitFileType = wrapper.framework; includeInIndex = 0; path = Pods_App_FilmesTests.framework; sourceTree = BUILT_PRODUCTS_DIR; };
		41E6EE03996FE47356C71AB5 /* Pods_App_FilmesUITests.framework */ = {isa = PBXFileReference; explicitFileType = wrapper.framework; includeInIndex = 0; path = Pods_App_FilmesUITests.framework; sourceTree = BUILT_PRODUCTS_DIR; };
		68564B4303443D1D343EE4A0 /* Pods-App FilmesTests.debug.xcconfig */ = {isa = PBXFileReference; includeInIndex = 1; lastKnownFileType = text.xcconfig; name = "Pods-App FilmesTests.debug.xcconfig"; path = "Pods/Target Support Files/Pods-App FilmesTests/Pods-App FilmesTests.debug.xcconfig"; sourceTree = "<group>"; };
		735FD537EEBD47761F92F912 /* Pods-App Filmes.release.xcconfig */ = {isa = PBXFileReference; includeInIndex = 1; lastKnownFileType = text.xcconfig; name = "Pods-App Filmes.release.xcconfig"; path = "Pods/Target Support Files/Pods-App Filmes/Pods-App Filmes.release.xcconfig"; sourceTree = "<group>"; };
		9C8BF864283F26FA544110A6 /* Pods_App_Filmes.framework */ = {isa = PBXFileReference; explicitFileType = wrapper.framework; includeInIndex = 0; path = Pods_App_Filmes.framework; sourceTree = BUILT_PRODUCTS_DIR; };
		9F3E5B38D96A31DB19953A12 /* Pods-App FilmesUITests.debug.xcconfig */ = {isa = PBXFileReference; includeInIndex = 1; lastKnownFileType = text.xcconfig; name = "Pods-App FilmesUITests.debug.xcconfig"; path = "Pods/Target Support Files/Pods-App FilmesUITests/Pods-App FilmesUITests.debug.xcconfig"; sourceTree = "<group>"; };
		9FEB5CE329827D33BFBE0ED5 /* Pods-App FilmesUITests.release.xcconfig */ = {isa = PBXFileReference; includeInIndex = 1; lastKnownFileType = text.xcconfig; name = "Pods-App FilmesUITests.release.xcconfig"; path = "Pods/Target Support Files/Pods-App FilmesUITests/Pods-App FilmesUITests.release.xcconfig"; sourceTree = "<group>"; };
		AB2D1DCB25AB658C00F735B1 /* APIRequisicao.swift */ = {isa = PBXFileReference; lastKnownFileType = sourcecode.swift; path = APIRequisicao.swift; sourceTree = "<group>"; };
		AB2D1DF425AC91C500F735B1 /* HomeCollectionViewCell.swift */ = {isa = PBXFileReference; lastKnownFileType = sourcecode.swift; path = HomeCollectionViewCell.swift; sourceTree = "<group>"; };
		AB2D1DFC25AC9B1E00F735B1 /* DetalhesViewController.swift */ = {isa = PBXFileReference; lastKnownFileType = sourcecode.swift; path = DetalhesViewController.swift; sourceTree = "<group>"; };
		ABB7C27C25A797570026BD5D /* App Filmes.app */ = {isa = PBXFileReference; explicitFileType = wrapper.application; includeInIndex = 0; path = "App Filmes.app"; sourceTree = BUILT_PRODUCTS_DIR; };
		ABB7C27F25A797570026BD5D /* AppDelegate.swift */ = {isa = PBXFileReference; lastKnownFileType = sourcecode.swift; name = AppDelegate.swift; path = ../AppDelegate.swift; sourceTree = "<group>"; };
		ABB7C28125A797570026BD5D /* SceneDelegate.swift */ = {isa = PBXFileReference; lastKnownFileType = sourcecode.swift; path = SceneDelegate.swift; sourceTree = "<group>"; };
		ABB7C28325A797570026BD5D /* ViewController.swift */ = {isa = PBXFileReference; lastKnownFileType = sourcecode.swift; path = ViewController.swift; sourceTree = "<group>"; };
		ABB7C28625A797570026BD5D /* Base */ = {isa = PBXFileReference; lastKnownFileType = file.storyboard; name = Base; path = Base.lproj/Main.storyboard; sourceTree = "<group>"; };
		ABB7C28925A797570026BD5D /* App_Filmes.xcdatamodel */ = {isa = PBXFileReference; lastKnownFileType = wrapper.xcdatamodel; path = App_Filmes.xcdatamodel; sourceTree = "<group>"; };
		ABB7C28B25A7975C0026BD5D /* Assets.xcassets */ = {isa = PBXFileReference; lastKnownFileType = folder.assetcatalog; path = Assets.xcassets; sourceTree = "<group>"; };
		ABB7C28E25A7975C0026BD5D /* Base */ = {isa = PBXFileReference; lastKnownFileType = file.storyboard; name = Base; path = Base.lproj/LaunchScreen.storyboard; sourceTree = "<group>"; };
		ABB7C29025A7975C0026BD5D /* Info.plist */ = {isa = PBXFileReference; lastKnownFileType = text.plist.xml; path = Info.plist; sourceTree = "<group>"; };
		ABB7C29525A7975C0026BD5D /* App FilmesTests.xctest */ = {isa = PBXFileReference; explicitFileType = wrapper.cfbundle; includeInIndex = 0; path = "App FilmesTests.xctest"; sourceTree = BUILT_PRODUCTS_DIR; };
		ABB7C29925A7975C0026BD5D /* App_FilmesTests.swift */ = {isa = PBXFileReference; lastKnownFileType = sourcecode.swift; path = App_FilmesTests.swift; sourceTree = "<group>"; };
		ABB7C29B25A7975C0026BD5D /* Info.plist */ = {isa = PBXFileReference; lastKnownFileType = text.plist.xml; path = Info.plist; sourceTree = "<group>"; };
		ABB7C2A025A7975C0026BD5D /* App FilmesUITests.xctest */ = {isa = PBXFileReference; explicitFileType = wrapper.cfbundle; includeInIndex = 0; path = "App FilmesUITests.xctest"; sourceTree = BUILT_PRODUCTS_DIR; };
		ABB7C2A425A7975C0026BD5D /* App_FilmesUITests.swift */ = {isa = PBXFileReference; lastKnownFileType = sourcecode.swift; path = App_FilmesUITests.swift; sourceTree = "<group>"; };
		ABB7C2A625A7975C0026BD5D /* Info.plist */ = {isa = PBXFileReference; lastKnownFileType = text.plist.xml; path = Info.plist; sourceTree = "<group>"; };
		ABECB2EE25A8D0CA000BF538 /* FilmesDetalhesAPI.swift */ = {isa = PBXFileReference; lastKnownFileType = sourcecode.swift; path = FilmesDetalhesAPI.swift; sourceTree = "<group>"; };
		ABECB2F325A8D28C000BF538 /* FilmeTrendingAPI.swift */ = {isa = PBXFileReference; lastKnownFileType = sourcecode.swift; path = FilmeTrendingAPI.swift; sourceTree = "<group>"; };
		EE6EFACD29D1018606709641 /* Pods-App FilmesTests.release.xcconfig */ = {isa = PBXFileReference; includeInIndex = 1; lastKnownFileType = text.xcconfig; name = "Pods-App FilmesTests.release.xcconfig"; path = "Pods/Target Support Files/Pods-App FilmesTests/Pods-App FilmesTests.release.xcconfig"; sourceTree = "<group>"; };
/* End PBXFileReference section */

/* Begin PBXFrameworksBuildPhase section */
		ABB7C27925A797570026BD5D /* Frameworks */ = {
			isa = PBXFrameworksBuildPhase;
			buildActionMask = 2147483647;
			files = (
				9E0881D47E2961DFAD0B1F51 /* Pods_App_Filmes.framework in Frameworks */,
			);
			runOnlyForDeploymentPostprocessing = 0;
		};
		ABB7C29225A7975C0026BD5D /* Frameworks */ = {
			isa = PBXFrameworksBuildPhase;
			buildActionMask = 2147483647;
			files = (
				EECA53D63A366C5AB3208FA1 /* Pods_App_FilmesTests.framework in Frameworks */,
			);
			runOnlyForDeploymentPostprocessing = 0;
		};
		ABB7C29D25A7975C0026BD5D /* Frameworks */ = {
			isa = PBXFrameworksBuildPhase;
			buildActionMask = 2147483647;
			files = (
				BD3D9E51C6ECA8DDE76024EB /* Pods_App_FilmesUITests.framework in Frameworks */,
			);
			runOnlyForDeploymentPostprocessing = 0;
		};
/* End PBXFrameworksBuildPhase section */

/* Begin PBXGroup section */
		6E2212DE8F7B3E23B0DEC152 /* Pods */ = {
			isa = PBXGroup;
			children = (
				118D4AFA9322CFA5AC991BC2 /* Pods-App Filmes.debug.xcconfig */,
				735FD537EEBD47761F92F912 /* Pods-App Filmes.release.xcconfig */,
				68564B4303443D1D343EE4A0 /* Pods-App FilmesTests.debug.xcconfig */,
				EE6EFACD29D1018606709641 /* Pods-App FilmesTests.release.xcconfig */,
				9F3E5B38D96A31DB19953A12 /* Pods-App FilmesUITests.debug.xcconfig */,
				9FEB5CE329827D33BFBE0ED5 /* Pods-App FilmesUITests.release.xcconfig */,
			);
			name = Pods;
			sourceTree = "<group>";
		};
		ABB7C27325A797570026BD5D = {
			isa = PBXGroup;
			children = (
				ABB7C27E25A797570026BD5D /* App Filmes */,
				ABB7C29825A7975C0026BD5D /* App FilmesTests */,
				ABB7C2A325A7975C0026BD5D /* App FilmesUITests */,
				ABB7C27D25A797570026BD5D /* Products */,
				6E2212DE8F7B3E23B0DEC152 /* Pods */,
				DD9CEDE0765CCB74FDEE1C7C /* Frameworks */,
			);
			sourceTree = "<group>";
		};
		ABB7C27D25A797570026BD5D /* Products */ = {
			isa = PBXGroup;
			children = (
				ABB7C27C25A797570026BD5D /* App Filmes.app */,
				ABB7C29525A7975C0026BD5D /* App FilmesTests.xctest */,
				ABB7C2A025A7975C0026BD5D /* App FilmesUITests.xctest */,
			);
			name = Products;
			sourceTree = "<group>";
		};
		ABB7C27E25A797570026BD5D /* App Filmes */ = {
			isa = PBXGroup;
			children = (
				ABECB2DF25A8C46C000BF538 /* View */,
				ABECB2DE25A8C45F000BF538 /* Controller */,
				ABB7C2B525A797FE0026BD5D /* Model */,
				ABB7C27F25A797570026BD5D /* AppDelegate.swift */,
				ABB7C28125A797570026BD5D /* SceneDelegate.swift */,
				ABB7C28B25A7975C0026BD5D /* Assets.xcassets */,
				ABB7C28D25A7975C0026BD5D /* LaunchScreen.storyboard */,
				ABB7C29025A7975C0026BD5D /* Info.plist */,
				ABB7C28825A797570026BD5D /* App_Filmes.xcdatamodeld */,
			);
			path = "App Filmes";
			sourceTree = "<group>";
		};
		ABB7C29825A7975C0026BD5D /* App FilmesTests */ = {
			isa = PBXGroup;
			children = (
				ABB7C29925A7975C0026BD5D /* App_FilmesTests.swift */,
				ABB7C29B25A7975C0026BD5D /* Info.plist */,
			);
			path = "App FilmesTests";
			sourceTree = "<group>";
		};
		ABB7C2A325A7975C0026BD5D /* App FilmesUITests */ = {
			isa = PBXGroup;
			children = (
				ABB7C2A425A7975C0026BD5D /* App_FilmesUITests.swift */,
				ABB7C2A625A7975C0026BD5D /* Info.plist */,
			);
			path = "App FilmesUITests";
			sourceTree = "<group>";
		};
		ABB7C2B525A797FE0026BD5D /* Model */ = {
			isa = PBXGroup;
			children = (
				ABECB2EE25A8D0CA000BF538 /* FilmesDetalhesAPI.swift */,
				ABECB2F325A8D28C000BF538 /* FilmeTrendingAPI.swift */,
				AB2D1DCB25AB658C00F735B1 /* APIRequisicao.swift */,
			);
			path = Model;
			sourceTree = "<group>";
		};
		ABECB2DE25A8C45F000BF538 /* Controller */ = {
			isa = PBXGroup;
			children = (
				ABB7C28325A797570026BD5D /* ViewController.swift */,
				AB2D1DFC25AC9B1E00F735B1 /* DetalhesViewController.swift */,
			);
			path = Controller;
			sourceTree = "<group>";
		};
		ABECB2DF25A8C46C000BF538 /* View */ = {
			isa = PBXGroup;
			children = (
				ABB7C28525A797570026BD5D /* Main.storyboard */,
				AB2D1DF425AC91C500F735B1 /* HomeCollectionViewCell.swift */,
			);
			path = View;
			sourceTree = "<group>";
		};
		DD9CEDE0765CCB74FDEE1C7C /* Frameworks */ = {
			isa = PBXGroup;
			children = (
				9C8BF864283F26FA544110A6 /* Pods_App_Filmes.framework */,
				2C773BC57576B70E63586FA0 /* Pods_App_FilmesTests.framework */,
				41E6EE03996FE47356C71AB5 /* Pods_App_FilmesUITests.framework */,
			);
			name = Frameworks;
			sourceTree = "<group>";
		};
/* End PBXGroup section */

/* Begin PBXNativeTarget section */
		ABB7C27B25A797570026BD5D /* App Filmes */ = {
			isa = PBXNativeTarget;
			buildConfigurationList = ABB7C2A925A7975C0026BD5D /* Build configuration list for PBXNativeTarget "App Filmes" */;
			buildPhases = (
				F935837ECD71CC2D10C7CADF /* [CP] Check Pods Manifest.lock */,
				ABB7C27825A797570026BD5D /* Sources */,
				ABB7C27925A797570026BD5D /* Frameworks */,
				ABB7C27A25A797570026BD5D /* Resources */,
				0E885DC311F07BB9ECB61860 /* [CP] Embed Pods Frameworks */,
			);
			buildRules = (
			);
			dependencies = (
			);
			name = "App Filmes";
			productName = "App Filmes";
			productReference = ABB7C27C25A797570026BD5D /* App Filmes.app */;
			productType = "com.apple.product-type.application";
		};
		ABB7C29425A7975C0026BD5D /* App FilmesTests */ = {
			isa = PBXNativeTarget;
			buildConfigurationList = ABB7C2AC25A7975C0026BD5D /* Build configuration list for PBXNativeTarget "App FilmesTests" */;
			buildPhases = (
				5B13D5A06E78FAEF13DF2072 /* [CP] Check Pods Manifest.lock */,
				ABB7C29125A7975C0026BD5D /* Sources */,
				ABB7C29225A7975C0026BD5D /* Frameworks */,
				ABB7C29325A7975C0026BD5D /* Resources */,
			);
			buildRules = (
			);
			dependencies = (
				ABB7C29725A7975C0026BD5D /* PBXTargetDependency */,
			);
			name = "App FilmesTests";
			productName = "App FilmesTests";
			productReference = ABB7C29525A7975C0026BD5D /* App FilmesTests.xctest */;
			productType = "com.apple.product-type.bundle.unit-test";
		};
		ABB7C29F25A7975C0026BD5D /* App FilmesUITests */ = {
			isa = PBXNativeTarget;
			buildConfigurationList = ABB7C2AF25A7975C0026BD5D /* Build configuration list for PBXNativeTarget "App FilmesUITests" */;
			buildPhases = (
				FDC2547A52B582E1146D0C50 /* [CP] Check Pods Manifest.lock */,
				ABB7C29C25A7975C0026BD5D /* Sources */,
				ABB7C29D25A7975C0026BD5D /* Frameworks */,
				ABB7C29E25A7975C0026BD5D /* Resources */,
			);
			buildRules = (
			);
			dependencies = (
				ABB7C2A225A7975C0026BD5D /* PBXTargetDependency */,
			);
			name = "App FilmesUITests";
			productName = "App FilmesUITests";
			productReference = ABB7C2A025A7975C0026BD5D /* App FilmesUITests.xctest */;
			productType = "com.apple.product-type.bundle.ui-testing";
		};
/* End PBXNativeTarget section */

/* Begin PBXProject section */
		ABB7C27425A797570026BD5D /* Project object */ = {
			isa = PBXProject;
			attributes = {
				LastSwiftUpdateCheck = 1230;
				LastUpgradeCheck = 1230;
				TargetAttributes = {
					ABB7C27B25A797570026BD5D = {
						CreatedOnToolsVersion = 12.3;
					};
					ABB7C29425A7975C0026BD5D = {
						CreatedOnToolsVersion = 12.3;
						TestTargetID = ABB7C27B25A797570026BD5D;
					};
					ABB7C29F25A7975C0026BD5D = {
						CreatedOnToolsVersion = 12.3;
						TestTargetID = ABB7C27B25A797570026BD5D;
					};
				};
			};
			buildConfigurationList = ABB7C27725A797570026BD5D /* Build configuration list for PBXProject "App Filmes" */;
			compatibilityVersion = "Xcode 9.3";
			developmentRegion = en;
			hasScannedForEncodings = 0;
			knownRegions = (
				en,
				Base,
			);
			mainGroup = ABB7C27325A797570026BD5D;
			productRefGroup = ABB7C27D25A797570026BD5D /* Products */;
			projectDirPath = "";
			projectRoot = "";
			targets = (
				ABB7C27B25A797570026BD5D /* App Filmes */,
				ABB7C29425A7975C0026BD5D /* App FilmesTests */,
				ABB7C29F25A7975C0026BD5D /* App FilmesUITests */,
			);
		};
/* End PBXProject section */

/* Begin PBXResourcesBuildPhase section */
		ABB7C27A25A797570026BD5D /* Resources */ = {
			isa = PBXResourcesBuildPhase;
			buildActionMask = 2147483647;
			files = (
				ABB7C28F25A7975C0026BD5D /* LaunchScreen.storyboard in Resources */,
				ABB7C28C25A7975C0026BD5D /* Assets.xcassets in Resources */,
				ABB7C28725A797570026BD5D /* Main.storyboard in Resources */,
			);
			runOnlyForDeploymentPostprocessing = 0;
		};
		ABB7C29325A7975C0026BD5D /* Resources */ = {
			isa = PBXResourcesBuildPhase;
			buildActionMask = 2147483647;
			files = (
			);
			runOnlyForDeploymentPostprocessing = 0;
		};
		ABB7C29E25A7975C0026BD5D /* Resources */ = {
			isa = PBXResourcesBuildPhase;
			buildActionMask = 2147483647;
			files = (
			);
			runOnlyForDeploymentPostprocessing = 0;
		};
/* End PBXResourcesBuildPhase section */

/* Begin PBXShellScriptBuildPhase section */
		0E885DC311F07BB9ECB61860 /* [CP] Embed Pods Frameworks */ = {
			isa = PBXShellScriptBuildPhase;
			buildActionMask = 2147483647;
			files = (
			);
			inputPaths = (
				"${SRCROOT}/Pods/Target Support Files/Pods-App Filmes/Pods-App Filmes-frameworks.sh",
				"${BUILT_PRODUCTS_DIR}/Alamofire/Alamofire.framework",
				"${BUILT_PRODUCTS_DIR}/AlamofireImage/AlamofireImage.framework",
			);
			name = "[CP] Embed Pods Frameworks";
			outputPaths = (
				"${TARGET_BUILD_DIR}/${FRAMEWORKS_FOLDER_PATH}/Alamofire.framework",
				"${TARGET_BUILD_DIR}/${FRAMEWORKS_FOLDER_PATH}/AlamofireImage.framework",
			);
			runOnlyForDeploymentPostprocessing = 0;
			shellPath = /bin/sh;
			shellScript = "\"${SRCROOT}/Pods/Target Support Files/Pods-App Filmes/Pods-App Filmes-frameworks.sh\"\n";
			showEnvVarsInLog = 0;
		};
		5B13D5A06E78FAEF13DF2072 /* [CP] Check Pods Manifest.lock */ = {
			isa = PBXShellScriptBuildPhase;
			buildActionMask = 2147483647;
			files = (
			);
			inputPaths = (
				"${PODS_PODFILE_DIR_PATH}/Podfile.lock",
				"${PODS_ROOT}/Manifest.lock",
			);
			name = "[CP] Check Pods Manifest.lock";
			outputPaths = (
				"$(DERIVED_FILE_DIR)/Pods-App FilmesTests-checkManifestLockResult.txt",
			);
			runOnlyForDeploymentPostprocessing = 0;
			shellPath = /bin/sh;
			shellScript = "diff \"${PODS_PODFILE_DIR_PATH}/Podfile.lock\" \"${PODS_ROOT}/Manifest.lock\" > /dev/null\nif [ $? != 0 ] ; then\n    # print error to STDERR\n    echo \"error: The sandbox is not in sync with the Podfile.lock. Run 'pod install' or update your CocoaPods installation.\" >&2\n    exit 1\nfi\n# This output is used by Xcode 'outputs' to avoid re-running this script phase.\necho \"SUCCESS\" > \"${SCRIPT_OUTPUT_FILE_0}\"\n";
			showEnvVarsInLog = 0;
		};
		F935837ECD71CC2D10C7CADF /* [CP] Check Pods Manifest.lock */ = {
			isa = PBXShellScriptBuildPhase;
			buildActionMask = 2147483647;
			files = (
			);
			inputPaths = (
				"${PODS_PODFILE_DIR_PATH}/Podfile.lock",
				"${PODS_ROOT}/Manifest.lock",
			);
			name = "[CP] Check Pods Manifest.lock";
			outputPaths = (
				"$(DERIVED_FILE_DIR)/Pods-App Filmes-checkManifestLockResult.txt",
			);
			runOnlyForDeploymentPostprocessing = 0;
			shellPath = /bin/sh;
			shellScript = "diff \"${PODS_PODFILE_DIR_PATH}/Podfile.lock\" \"${PODS_ROOT}/Manifest.lock\" > /dev/null\nif [ $? != 0 ] ; then\n    # print error to STDERR\n    echo \"error: The sandbox is not in sync with the Podfile.lock. Run 'pod install' or update your CocoaPods installation.\" >&2\n    exit 1\nfi\n# This output is used by Xcode 'outputs' to avoid re-running this script phase.\necho \"SUCCESS\" > \"${SCRIPT_OUTPUT_FILE_0}\"\n";
			showEnvVarsInLog = 0;
		};
		FDC2547A52B582E1146D0C50 /* [CP] Check Pods Manifest.lock */ = {
			isa = PBXShellScriptBuildPhase;
			buildActionMask = 2147483647;
			files = (
			);
			inputPaths = (
				"${PODS_PODFILE_DIR_PATH}/Podfile.lock",
				"${PODS_ROOT}/Manifest.lock",
			);
			name = "[CP] Check Pods Manifest.lock";
			outputPaths = (
				"$(DERIVED_FILE_DIR)/Pods-App FilmesUITests-checkManifestLockResult.txt",
			);
			runOnlyForDeploymentPostprocessing = 0;
			shellPath = /bin/sh;
			shellScript = "diff \"${PODS_PODFILE_DIR_PATH}/Podfile.lock\" \"${PODS_ROOT}/Manifest.lock\" > /dev/null\nif [ $? != 0 ] ; then\n    # print error to STDERR\n    echo \"error: The sandbox is not in sync with the Podfile.lock. Run 'pod install' or update your CocoaPods installation.\" >&2\n    exit 1\nfi\n# This output is used by Xcode 'outputs' to avoid re-running this script phase.\necho \"SUCCESS\" > \"${SCRIPT_OUTPUT_FILE_0}\"\n";
			showEnvVarsInLog = 0;
		};
/* End PBXShellScriptBuildPhase section */

/* Begin PBXSourcesBuildPhase section */
		ABB7C27825A797570026BD5D /* Sources */ = {
			isa = PBXSourcesBuildPhase;
			buildActionMask = 2147483647;
			files = (
				ABB7C28425A797570026BD5D /* ViewController.swift in Sources */,
				ABECB2F425A8D28C000BF538 /* FilmeTrendingAPI.swift in Sources */,
				ABB7C28025A797570026BD5D /* AppDelegate.swift in Sources */,
				ABECB2EF25A8D0CA000BF538 /* FilmesDetalhesAPI.swift in Sources */,
				AB2D1DF525AC91C500F735B1 /* HomeCollectionViewCell.swift in Sources */,
				AB2D1DFD25AC9B1E00F735B1 /* DetalhesViewController.swift in Sources */,
				ABB7C28225A797570026BD5D /* SceneDelegate.swift in Sources */,
				AB2D1DCC25AB658C00F735B1 /* APIRequisicao.swift in Sources */,
				ABB7C28A25A797570026BD5D /* App_Filmes.xcdatamodeld in Sources */,
			);
			runOnlyForDeploymentPostprocessing = 0;
		};
		ABB7C29125A7975C0026BD5D /* Sources */ = {
			isa = PBXSourcesBuildPhase;
			buildActionMask = 2147483647;
			files = (
				ABB7C29A25A7975C0026BD5D /* App_FilmesTests.swift in Sources */,
			);
			runOnlyForDeploymentPostprocessing = 0;
		};
		ABB7C29C25A7975C0026BD5D /* Sources */ = {
			isa = PBXSourcesBuildPhase;
			buildActionMask = 2147483647;
			files = (
				ABB7C2A525A7975C0026BD5D /* App_FilmesUITests.swift in Sources */,
			);
			runOnlyForDeploymentPostprocessing = 0;
		};
/* End PBXSourcesBuildPhase section */

/* Begin PBXTargetDependency section */
		ABB7C29725A7975C0026BD5D /* PBXTargetDependency */ = {
			isa = PBXTargetDependency;
			target = ABB7C27B25A797570026BD5D /* App Filmes */;
			targetProxy = ABB7C29625A7975C0026BD5D /* PBXContainerItemProxy */;
		};
		ABB7C2A225A7975C0026BD5D /* PBXTargetDependency */ = {
			isa = PBXTargetDependency;
			target = ABB7C27B25A797570026BD5D /* App Filmes */;
			targetProxy = ABB7C2A125A7975C0026BD5D /* PBXContainerItemProxy */;
		};
/* End PBXTargetDependency section */

/* Begin PBXVariantGroup section */
		ABB7C28525A797570026BD5D /* Main.storyboard */ = {
			isa = PBXVariantGroup;
			children = (
				ABB7C28625A797570026BD5D /* Base */,
			);
			name = Main.storyboard;
			sourceTree = "<group>";
		};
		ABB7C28D25A7975C0026BD5D /* LaunchScreen.storyboard */ = {
			isa = PBXVariantGroup;
			children = (
				ABB7C28E25A7975C0026BD5D /* Base */,
			);
			name = LaunchScreen.storyboard;
			sourceTree = "<group>";
		};
/* End PBXVariantGroup section */

/* Begin XCBuildConfiguration section */
		ABB7C2A725A7975C0026BD5D /* Debug */ = {
			isa = XCBuildConfiguration;
			buildSettings = {
				ALWAYS_SEARCH_USER_PATHS = NO;
				CLANG_ANALYZER_NONNULL = YES;
				CLANG_ANALYZER_NUMBER_OBJECT_CONVERSION = YES_AGGRESSIVE;
				CLANG_CXX_LANGUAGE_STANDARD = "gnu++14";
				CLANG_CXX_LIBRARY = "libc++";
				CLANG_ENABLE_MODULES = YES;
				CLANG_ENABLE_OBJC_ARC = YES;
				CLANG_ENABLE_OBJC_WEAK = YES;
				CLANG_WARN_BLOCK_CAPTURE_AUTORELEASING = YES;
				CLANG_WARN_BOOL_CONVERSION = YES;
				CLANG_WARN_COMMA = YES;
				CLANG_WARN_CONSTANT_CONVERSION = YES;
				CLANG_WARN_DEPRECATED_OBJC_IMPLEMENTATIONS = YES;
				CLANG_WARN_DIRECT_OBJC_ISA_USAGE = YES_ERROR;
				CLANG_WARN_DOCUMENTATION_COMMENTS = YES;
				CLANG_WARN_EMPTY_BODY = YES;
				CLANG_WARN_ENUM_CONVERSION = YES;
				CLANG_WARN_INFINITE_RECURSION = YES;
				CLANG_WARN_INT_CONVERSION = YES;
				CLANG_WARN_NON_LITERAL_NULL_CONVERSION = YES;
				CLANG_WARN_OBJC_IMPLICIT_RETAIN_SELF = YES;
				CLANG_WARN_OBJC_LITERAL_CONVERSION = YES;
				CLANG_WARN_OBJC_ROOT_CLASS = YES_ERROR;
				CLANG_WARN_QUOTED_INCLUDE_IN_FRAMEWORK_HEADER = YES;
				CLANG_WARN_RANGE_LOOP_ANALYSIS = YES;
				CLANG_WARN_STRICT_PROTOTYPES = YES;
				CLANG_WARN_SUSPICIOUS_MOVE = YES;
				CLANG_WARN_UNGUARDED_AVAILABILITY = YES_AGGRESSIVE;
				CLANG_WARN_UNREACHABLE_CODE = YES;
				CLANG_WARN__DUPLICATE_METHOD_MATCH = YES;
				COPY_PHASE_STRIP = NO;
				DEBUG_INFORMATION_FORMAT = dwarf;
				ENABLE_STRICT_OBJC_MSGSEND = YES;
				ENABLE_TESTABILITY = YES;
				GCC_C_LANGUAGE_STANDARD = gnu11;
				GCC_DYNAMIC_NO_PIC = NO;
				GCC_NO_COMMON_BLOCKS = YES;
				GCC_OPTIMIZATION_LEVEL = 0;
				GCC_PREPROCESSOR_DEFINITIONS = (
					"DEBUG=1",
					"$(inherited)",
				);
				GCC_WARN_64_TO_32_BIT_CONVERSION = YES;
				GCC_WARN_ABOUT_RETURN_TYPE = YES_ERROR;
				GCC_WARN_UNDECLARED_SELECTOR = YES;
				GCC_WARN_UNINITIALIZED_AUTOS = YES_AGGRESSIVE;
				GCC_WARN_UNUSED_FUNCTION = YES;
				GCC_WARN_UNUSED_VARIABLE = YES;
				IPHONEOS_DEPLOYMENT_TARGET = 14.3;
				MTL_ENABLE_DEBUG_INFO = INCLUDE_SOURCE;
				MTL_FAST_MATH = YES;
				ONLY_ACTIVE_ARCH = YES;
				SDKROOT = iphoneos;
				SWIFT_ACTIVE_COMPILATION_CONDITIONS = DEBUG;
				SWIFT_OPTIMIZATION_LEVEL = "-Onone";
			};
			name = Debug;
		};
		ABB7C2A825A7975C0026BD5D /* Release */ = {
			isa = XCBuildConfiguration;
			buildSettings = {
				ALWAYS_SEARCH_USER_PATHS = NO;
				CLANG_ANALYZER_NONNULL = YES;
				CLANG_ANALYZER_NUMBER_OBJECT_CONVERSION = YES_AGGRESSIVE;
				CLANG_CXX_LANGUAGE_STANDARD = "gnu++14";
				CLANG_CXX_LIBRARY = "libc++";
				CLANG_ENABLE_MODULES = YES;
				CLANG_ENABLE_OBJC_ARC = YES;
				CLANG_ENABLE_OBJC_WEAK = YES;
				CLANG_WARN_BLOCK_CAPTURE_AUTORELEASING = YES;
				CLANG_WARN_BOOL_CONVERSION = YES;
				CLANG_WARN_COMMA = YES;
				CLANG_WARN_CONSTANT_CONVERSION = YES;
				CLANG_WARN_DEPRECATED_OBJC_IMPLEMENTATIONS = YES;
				CLANG_WARN_DIRECT_OBJC_ISA_USAGE = YES_ERROR;
				CLANG_WARN_DOCUMENTATION_COMMENTS = YES;
				CLANG_WARN_EMPTY_BODY = YES;
				CLANG_WARN_ENUM_CONVERSION = YES;
				CLANG_WARN_INFINITE_RECURSION = YES;
				CLANG_WARN_INT_CONVERSION = YES;
				CLANG_WARN_NON_LITERAL_NULL_CONVERSION = YES;
				CLANG_WARN_OBJC_IMPLICIT_RETAIN_SELF = YES;
				CLANG_WARN_OBJC_LITERAL_CONVERSION = YES;
				CLANG_WARN_OBJC_ROOT_CLASS = YES_ERROR;
				CLANG_WARN_QUOTED_INCLUDE_IN_FRAMEWORK_HEADER = YES;
				CLANG_WARN_RANGE_LOOP_ANALYSIS = YES;
				CLANG_WARN_STRICT_PROTOTYPES = YES;
				CLANG_WARN_SUSPICIOUS_MOVE = YES;
				CLANG_WARN_UNGUARDED_AVAILABILITY = YES_AGGRESSIVE;
				CLANG_WARN_UNREACHABLE_CODE = YES;
				CLANG_WARN__DUPLICATE_METHOD_MATCH = YES;
				COPY_PHASE_STRIP = NO;
				DEBUG_INFORMATION_FORMAT = "dwarf-with-dsym";
				ENABLE_NS_ASSERTIONS = NO;
				ENABLE_STRICT_OBJC_MSGSEND = YES;
				GCC_C_LANGUAGE_STANDARD = gnu11;
				GCC_NO_COMMON_BLOCKS = YES;
				GCC_WARN_64_TO_32_BIT_CONVERSION = YES;
				GCC_WARN_ABOUT_RETURN_TYPE = YES_ERROR;
				GCC_WARN_UNDECLARED_SELECTOR = YES;
				GCC_WARN_UNINITIALIZED_AUTOS = YES_AGGRESSIVE;
				GCC_WARN_UNUSED_FUNCTION = YES;
				GCC_WARN_UNUSED_VARIABLE = YES;
				IPHONEOS_DEPLOYMENT_TARGET = 14.3;
				MTL_ENABLE_DEBUG_INFO = NO;
				MTL_FAST_MATH = YES;
				SDKROOT = iphoneos;
				SWIFT_COMPILATION_MODE = wholemodule;
				SWIFT_OPTIMIZATION_LEVEL = "-O";
				VALIDATE_PRODUCT = YES;
			};
			name = Release;
		};
		ABB7C2AA25A7975C0026BD5D /* Debug */ = {
			isa = XCBuildConfiguration;
			baseConfigurationReference = 118D4AFA9322CFA5AC991BC2 /* Pods-App Filmes.debug.xcconfig */;
			buildSettings = {
				ASSETCATALOG_COMPILER_APPICON_NAME = AppIcon;
				ASSETCATALOG_COMPILER_GLOBAL_ACCENT_COLOR_NAME = AccentColor;
				CODE_SIGN_STYLE = Automatic;
				DEVELOPMENT_TEAM = XL2VXC6VPX;
				INFOPLIST_FILE = "App Filmes/Info.plist";
				LD_RUNPATH_SEARCH_PATHS = (
					"$(inherited)",
					"@executable_path/Frameworks",
				);
				PRODUCT_BUNDLE_IDENTIFIER = "everis.App-Filmes";
				PRODUCT_NAME = "$(TARGET_NAME)";
				SWIFT_VERSION = 5.0;
				TARGETED_DEVICE_FAMILY = "1,2";
			};
			name = Debug;
		};
		ABB7C2AB25A7975C0026BD5D /* Release */ = {
			isa = XCBuildConfiguration;
			baseConfigurationReference = 735FD537EEBD47761F92F912 /* Pods-App Filmes.release.xcconfig */;
			buildSettings = {
				ASSETCATALOG_COMPILER_APPICON_NAME = AppIcon;
				ASSETCATALOG_COMPILER_GLOBAL_ACCENT_COLOR_NAME = AccentColor;
				CODE_SIGN_STYLE = Automatic;
				DEVELOPMENT_TEAM = XL2VXC6VPX;
				INFOPLIST_FILE = "App Filmes/Info.plist";
				LD_RUNPATH_SEARCH_PATHS = (
					"$(inherited)",
					"@executable_path/Frameworks",
				);
				PRODUCT_BUNDLE_IDENTIFIER = "everis.App-Filmes";
				PRODUCT_NAME = "$(TARGET_NAME)";
				SWIFT_VERSION = 5.0;
				TARGETED_DEVICE_FAMILY = "1,2";
			};
			name = Release;
		};
		ABB7C2AD25A7975C0026BD5D /* Debug */ = {
			isa = XCBuildConfiguration;
			baseConfigurationReference = 68564B4303443D1D343EE4A0 /* Pods-App FilmesTests.debug.xcconfig */;
			buildSettings = {
				ALWAYS_EMBED_SWIFT_STANDARD_LIBRARIES = YES;
				BUNDLE_LOADER = "$(TEST_HOST)";
				CODE_SIGN_STYLE = Automatic;
				DEVELOPMENT_TEAM = XL2VXC6VPX;
				INFOPLIST_FILE = "App FilmesTests/Info.plist";
				IPHONEOS_DEPLOYMENT_TARGET = 14.3;
				LD_RUNPATH_SEARCH_PATHS = (
					"$(inherited)",
					"@executable_path/Frameworks",
					"@loader_path/Frameworks",
				);
				PRODUCT_BUNDLE_IDENTIFIER = "everis.App-FilmesTests";
				PRODUCT_NAME = "$(TARGET_NAME)";
				SWIFT_VERSION = 5.0;
				TARGETED_DEVICE_FAMILY = "1,2";
				TEST_HOST = "$(BUILT_PRODUCTS_DIR)/App Filmes.app/App Filmes";
			};
			name = Debug;
		};
		ABB7C2AE25A7975C0026BD5D /* Release */ = {
			isa = XCBuildConfiguration;
			baseConfigurationReference = EE6EFACD29D1018606709641 /* Pods-App FilmesTests.release.xcconfig */;
			buildSettings = {
				ALWAYS_EMBED_SWIFT_STANDARD_LIBRARIES = YES;
				BUNDLE_LOADER = "$(TEST_HOST)";
				CODE_SIGN_STYLE = Automatic;
				DEVELOPMENT_TEAM = XL2VXC6VPX;
				INFOPLIST_FILE = "App FilmesTests/Info.plist";
				IPHONEOS_DEPLOYMENT_TARGET = 14.3;
				LD_RUNPATH_SEARCH_PATHS = (
					"$(inherited)",
					"@executable_path/Frameworks",
					"@loader_path/Frameworks",
				);
				PRODUCT_BUNDLE_IDENTIFIER = "everis.App-FilmesTests";
				PRODUCT_NAME = "$(TARGET_NAME)";
				SWIFT_VERSION = 5.0;
				TARGETED_DEVICE_FAMILY = "1,2";
				TEST_HOST = "$(BUILT_PRODUCTS_DIR)/App Filmes.app/App Filmes";
			};
			name = Release;
		};
		ABB7C2B025A7975C0026BD5D /* Debug */ = {
			isa = XCBuildConfiguration;
			baseConfigurationReference = 9F3E5B38D96A31DB19953A12 /* Pods-App FilmesUITests.debug.xcconfig */;
			buildSettings = {
				ALWAYS_EMBED_SWIFT_STANDARD_LIBRARIES = YES;
				CODE_SIGN_STYLE = Automatic;
				DEVELOPMENT_TEAM = XL2VXC6VPX;
				INFOPLIST_FILE = "App FilmesUITests/Info.plist";
				LD_RUNPATH_SEARCH_PATHS = (
					"$(inherited)",
					"@executable_path/Frameworks",
					"@loader_path/Frameworks",
				);
				PRODUCT_BUNDLE_IDENTIFIER = "everis.App-FilmesUITests";
				PRODUCT_NAME = "$(TARGET_NAME)";
				SWIFT_VERSION = 5.0;
				TARGETED_DEVICE_FAMILY = "1,2";
				TEST_TARGET_NAME = "App Filmes";
			};
			name = Debug;
		};
		ABB7C2B125A7975C0026BD5D /* Release */ = {
			isa = XCBuildConfiguration;
			baseConfigurationReference = 9FEB5CE329827D33BFBE0ED5 /* Pods-App FilmesUITests.release.xcconfig */;
			buildSettings = {
				ALWAYS_EMBED_SWIFT_STANDARD_LIBRARIES = YES;
				CODE_SIGN_STYLE = Automatic;
				DEVELOPMENT_TEAM = XL2VXC6VPX;
				INFOPLIST_FILE = "App FilmesUITests/Info.plist";
				LD_RUNPATH_SEARCH_PATHS = (
					"$(inherited)",
					"@executable_path/Frameworks",
					"@loader_path/Frameworks",
				);
				PRODUCT_BUNDLE_IDENTIFIER = "everis.App-FilmesUITests";
				PRODUCT_NAME = "$(TARGET_NAME)";
				SWIFT_VERSION = 5.0;
				TARGETED_DEVICE_FAMILY = "1,2";
				TEST_TARGET_NAME = "App Filmes";
			};
			name = Release;
		};
/* End XCBuildConfiguration section */

/* Begin XCConfigurationList section */
		ABB7C27725A797570026BD5D /* Build configuration list for PBXProject "App Filmes" */ = {
			isa = XCConfigurationList;
			buildConfigurations = (
				ABB7C2A725A7975C0026BD5D /* Debug */,
				ABB7C2A825A7975C0026BD5D /* Release */,
			);
			defaultConfigurationIsVisible = 0;
			defaultConfigurationName = Release;
		};
		ABB7C2A925A7975C0026BD5D /* Build configuration list for PBXNativeTarget "App Filmes" */ = {
			isa = XCConfigurationList;
			buildConfigurations = (
				ABB7C2AA25A7975C0026BD5D /* Debug */,
				ABB7C2AB25A7975C0026BD5D /* Release */,
			);
			defaultConfigurationIsVisible = 0;
			defaultConfigurationName = Release;
		};
		ABB7C2AC25A7975C0026BD5D /* Build configuration list for PBXNativeTarget "App FilmesTests" */ = {
			isa = XCConfigurationList;
			buildConfigurations = (
				ABB7C2AD25A7975C0026BD5D /* Debug */,
				ABB7C2AE25A7975C0026BD5D /* Release */,
			);
			defaultConfigurationIsVisible = 0;
			defaultConfigurationName = Release;
		};
		ABB7C2AF25A7975C0026BD5D /* Build configuration list for PBXNativeTarget "App FilmesUITests" */ = {
			isa = XCConfigurationList;
			buildConfigurations = (
				ABB7C2B025A7975C0026BD5D /* Debug */,
				ABB7C2B125A7975C0026BD5D /* Release */,
			);
			defaultConfigurationIsVisible = 0;
			defaultConfigurationName = Release;
		};
/* End XCConfigurationList section */

/* Begin XCVersionGroup section */
		ABB7C28825A797570026BD5D /* App_Filmes.xcdatamodeld */ = {
			isa = XCVersionGroup;
			children = (
				ABB7C28925A797570026BD5D /* App_Filmes.xcdatamodel */,
			);
			currentVersion = ABB7C28925A797570026BD5D /* App_Filmes.xcdatamodel */;
			path = App_Filmes.xcdatamodeld;
			sourceTree = "<group>";
			versionGroupType = wrapper.xcdatamodel;
		};
/* End XCVersionGroup section */
	};
	rootObject = ABB7C27425A797570026BD5D /* Project object */;
}
